{
  "name": "node-learning",
  "version": "1.0.0",
  "lockfileVersion": 3,
  "requires": true,
  "packages": {
    "": {
      "name": "node-learning",
      "version": "1.0.0",
      "license": "ISC",
      "dependencies": {
        "alert-node": "^5.0.1",
        "prompt-sync": "^4.2.0"
      }
    },
    "node_modules/alert-node": {
      "version": "5.0.1",
      "resolved": "https://registry.npmjs.org/alert-node/-/alert-node-5.0.1.tgz",
      "integrity": "sha512-+3llSQ/LbG0aQW+ZXQ1DXd07o9P4BEessYZdRcS7TE9sxWXDyIUnIWrCzi2ZmiO82uC6HNZ+rgrkwsMYph8zzA==",
      "license": "LGPL-3.0",
      "dependencies": {
        "is-program-installed": "2.1.1"
      },
      "bin": {
        "alert": "cli.js"
      },
      "engines": {
        "node": ">=10.0.0"
      },
      "funding": {
        "type": "ko-fi",
        "url": "https://ko-fi.com/zacanger"
      }
    },
    "node_modules/ansi-regex": {
      "version": "4.1.1",
      "resolved": "https://registry.npmjs.org/ansi-regex/-/ansi-regex-4.1.1.tgz",
      "integrity": "sha512-ILlv4k/3f6vfQ4OoP2AGvirOktlQ98ZEL1k9FaQjxa3L1abBgbuTDAdPOpvbGncC0BTVQrl+OM8xZGK6tWXt7g==",
      "license": "MIT",
      "engines": {
        "node": ">=6"
      }
    },
    "node_modules/is-program-installed": {
      "version": "2.1.1",
      "resolved": "https://registry.npmjs.org/is-program-installed/-/is-program-installed-2.1.1.tgz",
      "integrity": "sha512-Jr1/xXSmElTdShYUdL/NVFTYPG1buTbwU1NtVClW4KlUFOUdhOwjXObhenVj9BJRRShI/uHlGxDknDUsYMHJhw==",
      "license": "LGPL-3.0",
      "engines": {
        "node": ">=10.0.0"
      },
      "funding": {
        "type": "ko-fi",
        "url": "https://ko-fi.com/zacanger"
      }
    },
    "node_modules/prompt-sync": {
      "version": "4.2.0",
      "resolved": "https://registry.npmjs.org/prompt-sync/-/prompt-sync-4.2.0.tgz",
      "integrity": "sha512-BuEzzc5zptP5LsgV5MZETjDaKSWfchl5U9Luiu8SKp7iZWD5tZalOxvNcZRwv+d2phNFr8xlbxmFNcRKfJOzJw==",
      "license": "MIT",
      "dependencies": {
        "strip-ansi": "^5.0.0"
      }
    },
    "node_modules/strip-ansi": {
      "version": "5.2.0",
      "resolved": "https://registry.npmjs.org/strip-ansi/-/strip-ansi-5.2.0.tgz",
      "integrity": "sha512-DuRs1gKbBqsMKIZlrffwlug8MHkcnpjs5VPmL1PAh+mA30U0DTotfDZ0d2UUsXpPmPmMMJ6W773MaA3J+lbiWA==",
      "license": "MIT",
      "dependencies": {
        "ansi-regex": "^4.1.0"
      },
      "engines": {
        "node": ">=6"
      }
    }
  }
}
